// !$*UTF8*$!
{
	archiveVersion = 1;
	classes = {
	};
	objectVersion = 46;
	objects = {

/* Begin PBXBuildFile section */
		613ED21D1F97A37400788D54 /* LocationAttachmentViewController.swift in Sources */ = {isa = PBXBuildFile; fileRef = 613ED21C1F97A37400788D54 /* LocationAttachmentViewController.swift */; };
		613ED21F1F98F54500788D54 /* AudioAttachmentViewController.swift in Sources */ = {isa = PBXBuildFile; fileRef = 613ED21E1F98F54500788D54 /* AudioAttachmentViewController.swift */; };
		613ED2211F9C62C700788D54 /* Settings.bundle in Resources */ = {isa = PBXBuildFile; fileRef = 613ED2201F9C62C700788D54 /* Settings.bundle */; };
		615AB1541F51C3B0005839AF /* AppDelegate.swift in Sources */ = {isa = PBXBuildFile; fileRef = 615AB1531F51C3B0005839AF /* AppDelegate.swift */; };
		615AB1561F51C3B0005839AF /* ViewController.swift in Sources */ = {isa = PBXBuildFile; fileRef = 615AB1551F51C3B0005839AF /* ViewController.swift */; };
		615AB1581F51C3B0005839AF /* Document.swift in Sources */ = {isa = PBXBuildFile; fileRef = 615AB1571F51C3B0005839AF /* Document.swift */; };
		615AB15A1F51C3B0005839AF /* Assets.xcassets in Resources */ = {isa = PBXBuildFile; fileRef = 615AB1591F51C3B0005839AF /* Assets.xcassets */; };
		615AB15D1F51C3B0005839AF /* Main.storyboard in Resources */ = {isa = PBXBuildFile; fileRef = 615AB15B1F51C3B0005839AF /* Main.storyboard */; };
		615AB1681F51C3B0005839AF /* NotesTests.swift in Sources */ = {isa = PBXBuildFile; fileRef = 615AB1671F51C3B0005839AF /* NotesTests.swift */; };
		615AB1731F51C3B0005839AF /* NotesUITests.swift in Sources */ = {isa = PBXBuildFile; fileRef = 615AB1721F51C3B0005839AF /* NotesUITests.swift */; };
		615AB1821F58D66C005839AF /* AttachmentCell.swift in Sources */ = {isa = PBXBuildFile; fileRef = 615AB1801F58D66C005839AF /* AttachmentCell.swift */; };
		615AB1831F58D66C005839AF /* AttachmentCell.xib in Resources */ = {isa = PBXBuildFile; fileRef = 615AB1811F58D66C005839AF /* AttachmentCell.xib */; };
		615AB1861F5E2150005839AF /* AddAttachmentViewController.swift in Sources */ = {isa = PBXBuildFile; fileRef = 615AB1841F5E2150005839AF /* AddAttachmentViewController.swift */; };
		615AB1871F5E2150005839AF /* AddAttachmentViewController.xib in Resources */ = {isa = PBXBuildFile; fileRef = 615AB1851F5E2150005839AF /* AddAttachmentViewController.xib */; };
		615AB18F1F5F66DD005839AF /* AppDelegate.swift in Sources */ = {isa = PBXBuildFile; fileRef = 615AB18E1F5F66DD005839AF /* AppDelegate.swift */; };
		615AB1911F5F66DD005839AF /* DocumentListViewController.swift in Sources */ = {isa = PBXBuildFile; fileRef = 615AB1901F5F66DD005839AF /* DocumentListViewController.swift */; };
		615AB1941F5F66DD005839AF /* Main.storyboard in Resources */ = {isa = PBXBuildFile; fileRef = 615AB1921F5F66DD005839AF /* Main.storyboard */; };
		615AB1961F5F66DD005839AF /* Assets.xcassets in Resources */ = {isa = PBXBuildFile; fileRef = 615AB1951F5F66DD005839AF /* Assets.xcassets */; };
		615AB1991F5F66DE005839AF /* LaunchScreen.storyboard in Resources */ = {isa = PBXBuildFile; fileRef = 615AB1971F5F66DD005839AF /* LaunchScreen.storyboard */; };
		615AB1A41F5F66DE005839AF /* Notes_iOSTests.swift in Sources */ = {isa = PBXBuildFile; fileRef = 615AB1A31F5F66DE005839AF /* Notes_iOSTests.swift */; };
		615AB1AF1F5F66DE005839AF /* Notes_iOSUITests.swift in Sources */ = {isa = PBXBuildFile; fileRef = 615AB1AE1F5F66DE005839AF /* Notes_iOSUITests.swift */; };
		615AB1BB1F60C436005839AF /* Document.swift in Sources */ = {isa = PBXBuildFile; fileRef = 615AB1BA1F60C436005839AF /* Document.swift */; };
		615AB1BF1F60C7F5005839AF /* DocumentCommon.swift in Sources */ = {isa = PBXBuildFile; fileRef = 615AB1BE1F60C7F5005839AF /* DocumentCommon.swift */; };
		615AB1C01F60C7F5005839AF /* DocumentCommon.swift in Sources */ = {isa = PBXBuildFile; fileRef = 615AB1BE1F60C7F5005839AF /* DocumentCommon.swift */; };
		61B222781F80701800AF8477 /* DocumentViewController.swift in Sources */ = {isa = PBXBuildFile; fileRef = 61B222771F80701800AF8477 /* DocumentViewController.swift */; };
		61B5A83C1F93776200CB5451 /* ImageAttachmentViewController.swift in Sources */ = {isa = PBXBuildFile; fileRef = 61B5A83B1F93776100CB5451 /* ImageAttachmentViewController.swift */; };
		61B5A8441F9584A500CB5451 /* IndexRequestHandler.swift in Sources */ = {isa = PBXBuildFile; fileRef = 61B5A8431F9584A500CB5451 /* IndexRequestHandler.swift */; };
		61B5A8481F9584A500CB5451 /* Notes-SpotlightIndexer.appex in Embed App Extensions */ = {isa = PBXBuildFile; fileRef = 61B5A8411F9584A500CB5451 /* Notes-SpotlightIndexer.appex */; settings = {ATTRIBUTES = (RemoveHeadersOnCopy, ); }; };
		61B5A84D1F95863500CB5451 /* DocumentCommon.swift in Sources */ = {isa = PBXBuildFile; fileRef = 615AB1BE1F60C7F5005839AF /* DocumentCommon.swift */; };
		61B5A8551F965EA400CB5451 /* NotificationCenter.framework in Frameworks */ = {isa = PBXBuildFile; fileRef = 61B5A8541F965EA400CB5451 /* NotificationCenter.framework */; };
		61B5A8581F965EA400CB5451 /* TodayViewController.swift in Sources */ = {isa = PBXBuildFile; fileRef = 61B5A8571F965EA400CB5451 /* TodayViewController.swift */; };
		61B5A85B1F965EA400CB5451 /* MainInterface.storyboard in Resources */ = {isa = PBXBuildFile; fileRef = 61B5A8591F965EA400CB5451 /* MainInterface.storyboard */; };
		61B5A85F1F965EA400CB5451 /* Notes-TodayScreen.appex in Embed App Extensions */ = {isa = PBXBuildFile; fileRef = 61B5A8521F965EA300CB5451 /* Notes-TodayScreen.appex */; settings = {ATTRIBUTES = (RemoveHeadersOnCopy, ); }; };
/* End PBXBuildFile section */

/* Begin PBXContainerItemProxy section */
		615AB1641F51C3B0005839AF /* PBXContainerItemProxy */ = {
			isa = PBXContainerItemProxy;
			containerPortal = 615AB1481F51C3AF005839AF /* Project object */;
			proxyType = 1;
			remoteGlobalIDString = 615AB14F1F51C3AF005839AF;
			remoteInfo = Notes;
		};
		615AB16F1F51C3B0005839AF /* PBXContainerItemProxy */ = {
			isa = PBXContainerItemProxy;
			containerPortal = 615AB1481F51C3AF005839AF /* Project object */;
			proxyType = 1;
			remoteGlobalIDString = 615AB14F1F51C3AF005839AF;
			remoteInfo = Notes;
		};
		615AB1A01F5F66DE005839AF /* PBXContainerItemProxy */ = {
			isa = PBXContainerItemProxy;
			containerPortal = 615AB1481F51C3AF005839AF /* Project object */;
			proxyType = 1;
			remoteGlobalIDString = 615AB18B1F5F66DD005839AF;
			remoteInfo = "Notes-iOS";
		};
		615AB1AB1F5F66DE005839AF /* PBXContainerItemProxy */ = {
			isa = PBXContainerItemProxy;
			containerPortal = 615AB1481F51C3AF005839AF /* Project object */;
			proxyType = 1;
			remoteGlobalIDString = 615AB18B1F5F66DD005839AF;
			remoteInfo = "Notes-iOS";
		};
		61B5A8461F9584A500CB5451 /* PBXContainerItemProxy */ = {
			isa = PBXContainerItemProxy;
			containerPortal = 615AB1481F51C3AF005839AF /* Project object */;
			proxyType = 1;
			remoteGlobalIDString = 61B5A8401F9584A500CB5451;
			remoteInfo = "Notes-SpotlightIndexer";
		};
		61B5A85D1F965EA400CB5451 /* PBXContainerItemProxy */ = {
			isa = PBXContainerItemProxy;
			containerPortal = 615AB1481F51C3AF005839AF /* Project object */;
			proxyType = 1;
			remoteGlobalIDString = 61B5A8511F965EA300CB5451;
			remoteInfo = "Notes-TodayScreen";
		};
/* End PBXContainerItemProxy section */

/* Begin PBXCopyFilesBuildPhase section */
		61B5A84C1F9584A500CB5451 /* Embed App Extensions */ = {
			isa = PBXCopyFilesBuildPhase;
			buildActionMask = 2147483647;
			dstPath = "";
			dstSubfolderSpec = 13;
			files = (
				61B5A85F1F965EA400CB5451 /* Notes-TodayScreen.appex in Embed App Extensions */,
				61B5A8481F9584A500CB5451 /* Notes-SpotlightIndexer.appex in Embed App Extensions */,
			);
			name = "Embed App Extensions";
			runOnlyForDeploymentPostprocessing = 0;
		};
/* End PBXCopyFilesBuildPhase section */

/* Begin PBXFileReference section */
		613ED21C1F97A37400788D54 /* LocationAttachmentViewController.swift */ = {isa = PBXFileReference; lastKnownFileType = sourcecode.swift; path = LocationAttachmentViewController.swift; sourceTree = "<group>"; };
		613ED21E1F98F54500788D54 /* AudioAttachmentViewController.swift */ = {isa = PBXFileReference; lastKnownFileType = sourcecode.swift; path = AudioAttachmentViewController.swift; sourceTree = "<group>"; };
		613ED2201F9C62C700788D54 /* Settings.bundle */ = {isa = PBXFileReference; lastKnownFileType = "wrapper.plug-in"; path = Settings.bundle; sourceTree = "<group>"; };
		615AB1501F51C3B0005839AF /* Notes.app */ = {isa = PBXFileReference; explicitFileType = wrapper.application; includeInIndex = 0; path = Notes.app; sourceTree = BUILT_PRODUCTS_DIR; };
		615AB1531F51C3B0005839AF /* AppDelegate.swift */ = {isa = PBXFileReference; lastKnownFileType = sourcecode.swift; path = AppDelegate.swift; sourceTree = "<group>"; };
		615AB1551F51C3B0005839AF /* ViewController.swift */ = {isa = PBXFileReference; lastKnownFileType = sourcecode.swift; path = ViewController.swift; sourceTree = "<group>"; };
		615AB1571F51C3B0005839AF /* Document.swift */ = {isa = PBXFileReference; lastKnownFileType = sourcecode.swift; path = Document.swift; sourceTree = "<group>"; };
		615AB1591F51C3B0005839AF /* Assets.xcassets */ = {isa = PBXFileReference; lastKnownFileType = folder.assetcatalog; path = Assets.xcassets; sourceTree = "<group>"; };
		615AB15C1F51C3B0005839AF /* Base */ = {isa = PBXFileReference; lastKnownFileType = file.storyboard; name = Base; path = Base.lproj/Main.storyboard; sourceTree = "<group>"; };
		615AB15E1F51C3B0005839AF /* Info.plist */ = {isa = PBXFileReference; lastKnownFileType = text.plist.xml; path = Info.plist; sourceTree = "<group>"; };
		615AB1631F51C3B0005839AF /* NotesTests.xctest */ = {isa = PBXFileReference; explicitFileType = wrapper.cfbundle; includeInIndex = 0; path = NotesTests.xctest; sourceTree = BUILT_PRODUCTS_DIR; };
		615AB1671F51C3B0005839AF /* NotesTests.swift */ = {isa = PBXFileReference; lastKnownFileType = sourcecode.swift; path = NotesTests.swift; sourceTree = "<group>"; };
		615AB1691F51C3B0005839AF /* Info.plist */ = {isa = PBXFileReference; lastKnownFileType = text.plist.xml; path = Info.plist; sourceTree = "<group>"; };
		615AB16E1F51C3B0005839AF /* NotesUITests.xctest */ = {isa = PBXFileReference; explicitFileType = wrapper.cfbundle; includeInIndex = 0; path = NotesUITests.xctest; sourceTree = BUILT_PRODUCTS_DIR; };
		615AB1721F51C3B0005839AF /* NotesUITests.swift */ = {isa = PBXFileReference; lastKnownFileType = sourcecode.swift; path = NotesUITests.swift; sourceTree = "<group>"; };
		615AB1741F51C3B0005839AF /* Info.plist */ = {isa = PBXFileReference; lastKnownFileType = text.plist.xml; path = Info.plist; sourceTree = "<group>"; };
		615AB1801F58D66C005839AF /* AttachmentCell.swift */ = {isa = PBXFileReference; fileEncoding = 4; lastKnownFileType = sourcecode.swift; path = AttachmentCell.swift; sourceTree = "<group>"; };
		615AB1811F58D66C005839AF /* AttachmentCell.xib */ = {isa = PBXFileReference; fileEncoding = 4; lastKnownFileType = file.xib; path = AttachmentCell.xib; sourceTree = "<group>"; };
		615AB1841F5E2150005839AF /* AddAttachmentViewController.swift */ = {isa = PBXFileReference; fileEncoding = 4; lastKnownFileType = sourcecode.swift; path = AddAttachmentViewController.swift; sourceTree = "<group>"; };
		615AB1851F5E2150005839AF /* AddAttachmentViewController.xib */ = {isa = PBXFileReference; fileEncoding = 4; lastKnownFileType = file.xib; path = AddAttachmentViewController.xib; sourceTree = "<group>"; };
		615AB18C1F5F66DD005839AF /* Notes-iOS.app */ = {isa = PBXFileReference; explicitFileType = wrapper.application; includeInIndex = 0; path = "Notes-iOS.app"; sourceTree = BUILT_PRODUCTS_DIR; };
		615AB18E1F5F66DD005839AF /* AppDelegate.swift */ = {isa = PBXFileReference; lastKnownFileType = sourcecode.swift; path = AppDelegate.swift; sourceTree = "<group>"; };
		615AB1901F5F66DD005839AF /* DocumentListViewController.swift */ = {isa = PBXFileReference; lastKnownFileType = sourcecode.swift; path = DocumentListViewController.swift; sourceTree = "<group>"; };
		615AB1931F5F66DD005839AF /* Base */ = {isa = PBXFileReference; lastKnownFileType = file.storyboard; name = Base; path = Base.lproj/Main.storyboard; sourceTree = "<group>"; };
		615AB1951F5F66DD005839AF /* Assets.xcassets */ = {isa = PBXFileReference; lastKnownFileType = folder.assetcatalog; path = Assets.xcassets; sourceTree = "<group>"; };
		615AB1981F5F66DD005839AF /* Base */ = {isa = PBXFileReference; lastKnownFileType = file.storyboard; name = Base; path = Base.lproj/LaunchScreen.storyboard; sourceTree = "<group>"; };
		615AB19A1F5F66DE005839AF /* Info.plist */ = {isa = PBXFileReference; lastKnownFileType = text.plist.xml; path = Info.plist; sourceTree = "<group>"; };
		615AB19F1F5F66DE005839AF /* Notes-iOSTests.xctest */ = {isa = PBXFileReference; explicitFileType = wrapper.cfbundle; includeInIndex = 0; path = "Notes-iOSTests.xctest"; sourceTree = BUILT_PRODUCTS_DIR; };
		615AB1A31F5F66DE005839AF /* Notes_iOSTests.swift */ = {isa = PBXFileReference; lastKnownFileType = sourcecode.swift; path = Notes_iOSTests.swift; sourceTree = "<group>"; };
		615AB1A51F5F66DE005839AF /* Info.plist */ = {isa = PBXFileReference; lastKnownFileType = text.plist.xml; path = Info.plist; sourceTree = "<group>"; };
		615AB1AA1F5F66DE005839AF /* Notes-iOSUITests.xctest */ = {isa = PBXFileReference; explicitFileType = wrapper.cfbundle; includeInIndex = 0; path = "Notes-iOSUITests.xctest"; sourceTree = BUILT_PRODUCTS_DIR; };
		615AB1AE1F5F66DE005839AF /* Notes_iOSUITests.swift */ = {isa = PBXFileReference; lastKnownFileType = sourcecode.swift; path = Notes_iOSUITests.swift; sourceTree = "<group>"; };
		615AB1B01F5F66DE005839AF /* Info.plist */ = {isa = PBXFileReference; lastKnownFileType = text.plist.xml; path = Info.plist; sourceTree = "<group>"; };
		615AB1BA1F60C436005839AF /* Document.swift */ = {isa = PBXFileReference; fileEncoding = 4; lastKnownFileType = sourcecode.swift; path = Document.swift; sourceTree = "<group>"; };
		615AB1BE1F60C7F5005839AF /* DocumentCommon.swift */ = {isa = PBXFileReference; fileEncoding = 4; lastKnownFileType = sourcecode.swift; path = DocumentCommon.swift; sourceTree = "<group>"; };
		61B222771F80701800AF8477 /* DocumentViewController.swift */ = {isa = PBXFileReference; lastKnownFileType = sourcecode.swift; path = DocumentViewController.swift; sourceTree = "<group>"; };
		61B5A83B1F93776100CB5451 /* ImageAttachmentViewController.swift */ = {isa = PBXFileReference; lastKnownFileType = sourcecode.swift; path = ImageAttachmentViewController.swift; sourceTree = "<group>"; };
		61B5A8411F9584A500CB5451 /* Notes-SpotlightIndexer.appex */ = {isa = PBXFileReference; explicitFileType = "wrapper.app-extension"; includeInIndex = 0; path = "Notes-SpotlightIndexer.appex"; sourceTree = BUILT_PRODUCTS_DIR; };
		61B5A8431F9584A500CB5451 /* IndexRequestHandler.swift */ = {isa = PBXFileReference; lastKnownFileType = sourcecode.swift; path = IndexRequestHandler.swift; sourceTree = "<group>"; };
		61B5A8451F9584A500CB5451 /* Info.plist */ = {isa = PBXFileReference; lastKnownFileType = text.plist.xml; path = Info.plist; sourceTree = "<group>"; };
		61B5A8521F965EA300CB5451 /* Notes-TodayScreen.appex */ = {isa = PBXFileReference; explicitFileType = "wrapper.app-extension"; includeInIndex = 0; path = "Notes-TodayScreen.appex"; sourceTree = BUILT_PRODUCTS_DIR; };
		61B5A8541F965EA400CB5451 /* NotificationCenter.framework */ = {isa = PBXFileReference; lastKnownFileType = wrapper.framework; name = NotificationCenter.framework; path = System/Library/Frameworks/NotificationCenter.framework; sourceTree = SDKROOT; };
		61B5A8571F965EA400CB5451 /* TodayViewController.swift */ = {isa = PBXFileReference; lastKnownFileType = sourcecode.swift; path = TodayViewController.swift; sourceTree = "<group>"; };
		61B5A85A1F965EA400CB5451 /* Base */ = {isa = PBXFileReference; lastKnownFileType = file.storyboard; name = Base; path = Base.lproj/MainInterface.storyboard; sourceTree = "<group>"; };
		61B5A85C1F965EA400CB5451 /* Info.plist */ = {isa = PBXFileReference; lastKnownFileType = text.plist.xml; path = Info.plist; sourceTree = "<group>"; };
		61B5A8631F966C6D00CB5451 /* Notes-TodayScreen.entitlements */ = {isa = PBXFileReference; lastKnownFileType = text.plist.entitlements; path = "Notes-TodayScreen.entitlements"; sourceTree = "<group>"; };
		61B5A8641F966C7300CB5451 /* Notes-iOS.entitlements */ = {isa = PBXFileReference; lastKnownFileType = text.plist.entitlements; path = "Notes-iOS.entitlements"; sourceTree = "<group>"; };
/* End PBXFileReference section */

/* Begin PBXFrameworksBuildPhase section */
		615AB14D1F51C3AF005839AF /* Frameworks */ = {
			isa = PBXFrameworksBuildPhase;
			buildActionMask = 2147483647;
			files = (
			);
			runOnlyForDeploymentPostprocessing = 0;
		};
		615AB1601F51C3B0005839AF /* Frameworks */ = {
			isa = PBXFrameworksBuildPhase;
			buildActionMask = 2147483647;
			files = (
			);
			runOnlyForDeploymentPostprocessing = 0;
		};
		615AB16B1F51C3B0005839AF /* Frameworks */ = {
			isa = PBXFrameworksBuildPhase;
			buildActionMask = 2147483647;
			files = (
			);
			runOnlyForDeploymentPostprocessing = 0;
		};
		615AB1891F5F66DD005839AF /* Frameworks */ = {
			isa = PBXFrameworksBuildPhase;
			buildActionMask = 2147483647;
			files = (
			);
			runOnlyForDeploymentPostprocessing = 0;
		};
		615AB19C1F5F66DE005839AF /* Frameworks */ = {
			isa = PBXFrameworksBuildPhase;
			buildActionMask = 2147483647;
			files = (
			);
			runOnlyForDeploymentPostprocessing = 0;
		};
		615AB1A71F5F66DE005839AF /* Frameworks */ = {
			isa = PBXFrameworksBuildPhase;
			buildActionMask = 2147483647;
			files = (
			);
			runOnlyForDeploymentPostprocessing = 0;
		};
		61B5A83E1F9584A500CB5451 /* Frameworks */ = {
			isa = PBXFrameworksBuildPhase;
			buildActionMask = 2147483647;
			files = (
			);
			runOnlyForDeploymentPostprocessing = 0;
		};
		61B5A84F1F965EA300CB5451 /* Frameworks */ = {
			isa = PBXFrameworksBuildPhase;
			buildActionMask = 2147483647;
			files = (
				61B5A8551F965EA400CB5451 /* NotificationCenter.framework in Frameworks */,
			);
			runOnlyForDeploymentPostprocessing = 0;
		};
/* End PBXFrameworksBuildPhase section */

/* Begin PBXGroup section */
		615AB1471F51C3AF005839AF = {
			isa = PBXGroup;
			children = (
				615AB1BD1F60C477005839AF /* Common */,
				615AB1521F51C3B0005839AF /* Notes */,
				615AB1661F51C3B0005839AF /* NotesTests */,
				615AB1711F51C3B0005839AF /* NotesUITests */,
				615AB18D1F5F66DD005839AF /* Notes-iOS */,
				615AB1A21F5F66DE005839AF /* Notes-iOSTests */,
				615AB1AD1F5F66DE005839AF /* Notes-iOSUITests */,
				61B5A8421F9584A500CB5451 /* Notes-SpotlightIndexer */,
				61B5A8561F965EA400CB5451 /* Notes-TodayScreen */,
				61B5A8531F965EA400CB5451 /* Frameworks */,
				615AB1511F51C3B0005839AF /* Products */,
			);
			sourceTree = "<group>";
		};
		615AB1511F51C3B0005839AF /* Products */ = {
			isa = PBXGroup;
			children = (
				615AB1501F51C3B0005839AF /* Notes.app */,
				615AB1631F51C3B0005839AF /* NotesTests.xctest */,
				615AB16E1F51C3B0005839AF /* NotesUITests.xctest */,
				615AB18C1F5F66DD005839AF /* Notes-iOS.app */,
				615AB19F1F5F66DE005839AF /* Notes-iOSTests.xctest */,
				615AB1AA1F5F66DE005839AF /* Notes-iOSUITests.xctest */,
				61B5A8411F9584A500CB5451 /* Notes-SpotlightIndexer.appex */,
				61B5A8521F965EA300CB5451 /* Notes-TodayScreen.appex */,
			);
			name = Products;
			sourceTree = "<group>";
		};
		615AB1521F51C3B0005839AF /* Notes */ = {
			isa = PBXGroup;
			children = (
				615AB1531F51C3B0005839AF /* AppDelegate.swift */,
				615AB1551F51C3B0005839AF /* ViewController.swift */,
				615AB1801F58D66C005839AF /* AttachmentCell.swift */,
				615AB1841F5E2150005839AF /* AddAttachmentViewController.swift */,
				615AB1851F5E2150005839AF /* AddAttachmentViewController.xib */,
				615AB1811F58D66C005839AF /* AttachmentCell.xib */,
				615AB1571F51C3B0005839AF /* Document.swift */,
				615AB1591F51C3B0005839AF /* Assets.xcassets */,
				615AB15B1F51C3B0005839AF /* Main.storyboard */,
				615AB15E1F51C3B0005839AF /* Info.plist */,
			);
			path = Notes;
			sourceTree = "<group>";
		};
		615AB1661F51C3B0005839AF /* NotesTests */ = {
			isa = PBXGroup;
			children = (
				615AB1671F51C3B0005839AF /* NotesTests.swift */,
				615AB1691F51C3B0005839AF /* Info.plist */,
			);
			path = NotesTests;
			sourceTree = "<group>";
		};
		615AB1711F51C3B0005839AF /* NotesUITests */ = {
			isa = PBXGroup;
			children = (
				615AB1721F51C3B0005839AF /* NotesUITests.swift */,
				615AB1741F51C3B0005839AF /* Info.plist */,
			);
			path = NotesUITests;
			sourceTree = "<group>";
		};
		615AB18D1F5F66DD005839AF /* Notes-iOS */ = {
			isa = PBXGroup;
			children = (
				61B5A8641F966C7300CB5451 /* Notes-iOS.entitlements */,
				615AB18E1F5F66DD005839AF /* AppDelegate.swift */,
				615AB1901F5F66DD005839AF /* DocumentListViewController.swift */,
				61B222771F80701800AF8477 /* DocumentViewController.swift */,
				613ED21E1F98F54500788D54 /* AudioAttachmentViewController.swift */,
				61B5A83B1F93776100CB5451 /* ImageAttachmentViewController.swift */,
				615AB1921F5F66DD005839AF /* Main.storyboard */,
				613ED2201F9C62C700788D54 /* Settings.bundle */,
				615AB1BA1F60C436005839AF /* Document.swift */,
				613ED21C1F97A37400788D54 /* LocationAttachmentViewController.swift */,
				615AB1951F5F66DD005839AF /* Assets.xcassets */,
				615AB1971F5F66DD005839AF /* LaunchScreen.storyboard */,
				615AB19A1F5F66DE005839AF /* Info.plist */,
			);
			path = "Notes-iOS";
			sourceTree = "<group>";
		};
		615AB1A21F5F66DE005839AF /* Notes-iOSTests */ = {
			isa = PBXGroup;
			children = (
				615AB1A31F5F66DE005839AF /* Notes_iOSTests.swift */,
				615AB1A51F5F66DE005839AF /* Info.plist */,
			);
			path = "Notes-iOSTests";
			sourceTree = "<group>";
		};
		615AB1AD1F5F66DE005839AF /* Notes-iOSUITests */ = {
			isa = PBXGroup;
			children = (
				615AB1AE1F5F66DE005839AF /* Notes_iOSUITests.swift */,
				615AB1B01F5F66DE005839AF /* Info.plist */,
			);
			path = "Notes-iOSUITests";
			sourceTree = "<group>";
		};
		615AB1BD1F60C477005839AF /* Common */ = {
			isa = PBXGroup;
			children = (
				615AB1BE1F60C7F5005839AF /* DocumentCommon.swift */,
			);
			path = Common;
			sourceTree = "<group>";
		};
		61B5A8421F9584A500CB5451 /* Notes-SpotlightIndexer */ = {
			isa = PBXGroup;
			children = (
				61B5A8431F9584A500CB5451 /* IndexRequestHandler.swift */,
				61B5A8451F9584A500CB5451 /* Info.plist */,
			);
			path = "Notes-SpotlightIndexer";
			sourceTree = "<group>";
		};
		61B5A8531F965EA400CB5451 /* Frameworks */ = {
			isa = PBXGroup;
			children = (
				61B5A8541F965EA400CB5451 /* NotificationCenter.framework */,
			);
			name = Frameworks;
			sourceTree = "<group>";
		};
		61B5A8561F965EA400CB5451 /* Notes-TodayScreen */ = {
			isa = PBXGroup;
			children = (
				61B5A8631F966C6D00CB5451 /* Notes-TodayScreen.entitlements */,
				61B5A8571F965EA400CB5451 /* TodayViewController.swift */,
				61B5A8591F965EA400CB5451 /* MainInterface.storyboard */,
				61B5A85C1F965EA400CB5451 /* Info.plist */,
			);
			path = "Notes-TodayScreen";
			sourceTree = "<group>";
		};
/* End PBXGroup section */

/* Begin PBXNativeTarget section */
		615AB14F1F51C3AF005839AF /* Notes */ = {
			isa = PBXNativeTarget;
			buildConfigurationList = 615AB1771F51C3B0005839AF /* Build configuration list for PBXNativeTarget "Notes" */;
			buildPhases = (
				615AB14C1F51C3AF005839AF /* Sources */,
				615AB14D1F51C3AF005839AF /* Frameworks */,
				615AB14E1F51C3AF005839AF /* Resources */,
			);
			buildRules = (
			);
			dependencies = (
			);
			name = Notes;
			productName = Notes;
			productReference = 615AB1501F51C3B0005839AF /* Notes.app */;
			productType = "com.apple.product-type.application";
		};
		615AB1621F51C3B0005839AF /* NotesTests */ = {
			isa = PBXNativeTarget;
			buildConfigurationList = 615AB17A1F51C3B0005839AF /* Build configuration list for PBXNativeTarget "NotesTests" */;
			buildPhases = (
				615AB15F1F51C3B0005839AF /* Sources */,
				615AB1601F51C3B0005839AF /* Frameworks */,
				615AB1611F51C3B0005839AF /* Resources */,
			);
			buildRules = (
			);
			dependencies = (
				615AB1651F51C3B0005839AF /* PBXTargetDependency */,
			);
			name = NotesTests;
			productName = NotesTests;
			productReference = 615AB1631F51C3B0005839AF /* NotesTests.xctest */;
			productType = "com.apple.product-type.bundle.unit-test";
		};
		615AB16D1F51C3B0005839AF /* NotesUITests */ = {
			isa = PBXNativeTarget;
			buildConfigurationList = 615AB17D1F51C3B0005839AF /* Build configuration list for PBXNativeTarget "NotesUITests" */;
			buildPhases = (
				615AB16A1F51C3B0005839AF /* Sources */,
				615AB16B1F51C3B0005839AF /* Frameworks */,
				615AB16C1F51C3B0005839AF /* Resources */,
			);
			buildRules = (
			);
			dependencies = (
				615AB1701F51C3B0005839AF /* PBXTargetDependency */,
			);
			name = NotesUITests;
			productName = NotesUITests;
			productReference = 615AB16E1F51C3B0005839AF /* NotesUITests.xctest */;
			productType = "com.apple.product-type.bundle.ui-testing";
		};
		615AB18B1F5F66DD005839AF /* Notes-iOS */ = {
			isa = PBXNativeTarget;
			buildConfigurationList = 615AB1B71F5F66DE005839AF /* Build configuration list for PBXNativeTarget "Notes-iOS" */;
			buildPhases = (
				615AB1881F5F66DD005839AF /* Sources */,
				615AB1891F5F66DD005839AF /* Frameworks */,
				615AB18A1F5F66DD005839AF /* Resources */,
				61B5A84C1F9584A500CB5451 /* Embed App Extensions */,
			);
			buildRules = (
			);
			dependencies = (
				61B5A8471F9584A500CB5451 /* PBXTargetDependency */,
				61B5A85E1F965EA400CB5451 /* PBXTargetDependency */,
			);
			name = "Notes-iOS";
			productName = "Notes-iOS";
			productReference = 615AB18C1F5F66DD005839AF /* Notes-iOS.app */;
			productType = "com.apple.product-type.application";
		};
		615AB19E1F5F66DE005839AF /* Notes-iOSTests */ = {
			isa = PBXNativeTarget;
			buildConfigurationList = 615AB1B81F5F66DE005839AF /* Build configuration list for PBXNativeTarget "Notes-iOSTests" */;
			buildPhases = (
				615AB19B1F5F66DE005839AF /* Sources */,
				615AB19C1F5F66DE005839AF /* Frameworks */,
				615AB19D1F5F66DE005839AF /* Resources */,
			);
			buildRules = (
			);
			dependencies = (
				615AB1A11F5F66DE005839AF /* PBXTargetDependency */,
			);
			name = "Notes-iOSTests";
			productName = "Notes-iOSTests";
			productReference = 615AB19F1F5F66DE005839AF /* Notes-iOSTests.xctest */;
			productType = "com.apple.product-type.bundle.unit-test";
		};
		615AB1A91F5F66DE005839AF /* Notes-iOSUITests */ = {
			isa = PBXNativeTarget;
			buildConfigurationList = 615AB1B91F5F66DE005839AF /* Build configuration list for PBXNativeTarget "Notes-iOSUITests" */;
			buildPhases = (
				615AB1A61F5F66DE005839AF /* Sources */,
				615AB1A71F5F66DE005839AF /* Frameworks */,
				615AB1A81F5F66DE005839AF /* Resources */,
			);
			buildRules = (
			);
			dependencies = (
				615AB1AC1F5F66DE005839AF /* PBXTargetDependency */,
			);
			name = "Notes-iOSUITests";
			productName = "Notes-iOSUITests";
			productReference = 615AB1AA1F5F66DE005839AF /* Notes-iOSUITests.xctest */;
			productType = "com.apple.product-type.bundle.ui-testing";
		};
		61B5A8401F9584A500CB5451 /* Notes-SpotlightIndexer */ = {
			isa = PBXNativeTarget;
			buildConfigurationList = 61B5A8491F9584A500CB5451 /* Build configuration list for PBXNativeTarget "Notes-SpotlightIndexer" */;
			buildPhases = (
				61B5A83D1F9584A500CB5451 /* Sources */,
				61B5A83E1F9584A500CB5451 /* Frameworks */,
				61B5A83F1F9584A500CB5451 /* Resources */,
			);
			buildRules = (
			);
			dependencies = (
			);
			name = "Notes-SpotlightIndexer";
			productName = "Notes-SpotlightIndexer";
			productReference = 61B5A8411F9584A500CB5451 /* Notes-SpotlightIndexer.appex */;
			productType = "com.apple.product-type.app-extension";
		};
		61B5A8511F965EA300CB5451 /* Notes-TodayScreen */ = {
			isa = PBXNativeTarget;
			buildConfigurationList = 61B5A8601F965EA400CB5451 /* Build configuration list for PBXNativeTarget "Notes-TodayScreen" */;
			buildPhases = (
				61B5A84E1F965EA300CB5451 /* Sources */,
				61B5A84F1F965EA300CB5451 /* Frameworks */,
				61B5A8501F965EA300CB5451 /* Resources */,
			);
			buildRules = (
			);
			dependencies = (
			);
			name = "Notes-TodayScreen";
			productName = "Notes-TodayScreen";
			productReference = 61B5A8521F965EA300CB5451 /* Notes-TodayScreen.appex */;
			productType = "com.apple.product-type.app-extension";
		};
/* End PBXNativeTarget section */

/* Begin PBXProject section */
		615AB1481F51C3AF005839AF /* Project object */ = {
			isa = PBXProject;
			attributes = {
				LastSwiftUpdateCheck = 0900;
				LastUpgradeCheck = 0830;
				ORGANIZATIONNAME = MyCompany;
				TargetAttributes = {
					615AB14F1F51C3AF005839AF = {
						CreatedOnToolsVersion = 8.3.3;
						DevelopmentTeam = L5L79AJA7E;
						ProvisioningStyle = Automatic;
					};
					615AB1621F51C3B0005839AF = {
						CreatedOnToolsVersion = 8.3.3;
						DevelopmentTeam = L5L79AJA7E;
						ProvisioningStyle = Automatic;
						TestTargetID = 615AB14F1F51C3AF005839AF;
					};
					615AB16D1F51C3B0005839AF = {
						CreatedOnToolsVersion = 8.3.3;
						DevelopmentTeam = L5L79AJA7E;
						ProvisioningStyle = Automatic;
						TestTargetID = 615AB14F1F51C3AF005839AF;
					};
					615AB18B1F5F66DD005839AF = {
						CreatedOnToolsVersion = 8.3.3;
						DevelopmentTeam = L5L79AJA7E;
						ProvisioningStyle = Automatic;
						SystemCapabilities = {
							com.apple.ApplicationGroups.iOS = {
								enabled = 1;
							};
							com.apple.BackgroundModes = {
								enabled = 1;
							};
						};
					};
					615AB19E1F5F66DE005839AF = {
						CreatedOnToolsVersion = 8.3.3;
						DevelopmentTeam = L5L79AJA7E;
						ProvisioningStyle = Automatic;
						TestTargetID = 615AB18B1F5F66DD005839AF;
					};
					615AB1A91F5F66DE005839AF = {
						CreatedOnToolsVersion = 8.3.3;
						DevelopmentTeam = L5L79AJA7E;
						ProvisioningStyle = Automatic;
						TestTargetID = 615AB18B1F5F66DD005839AF;
					};
					61B5A8401F9584A500CB5451 = {
						CreatedOnToolsVersion = 9.0;
						DevelopmentTeam = L5L79AJA7E;
						ProvisioningStyle = Automatic;
					};
					61B5A8511F965EA300CB5451 = {
						CreatedOnToolsVersion = 9.0;
						DevelopmentTeam = L5L79AJA7E;
						ProvisioningStyle = Automatic;
						SystemCapabilities = {
							com.apple.ApplicationGroups.iOS = {
								enabled = 1;
							};
						};
					};
				};
			};
			buildConfigurationList = 615AB14B1F51C3AF005839AF /* Build configuration list for PBXProject "Notes" */;
			compatibilityVersion = "Xcode 3.2";
			developmentRegion = English;
			hasScannedForEncodings = 0;
			knownRegions = (
				en,
				Base,
			);
			mainGroup = 615AB1471F51C3AF005839AF;
			productRefGroup = 615AB1511F51C3B0005839AF /* Products */;
			projectDirPath = "";
			projectRoot = "";
			targets = (
				615AB14F1F51C3AF005839AF /* Notes */,
				615AB1621F51C3B0005839AF /* NotesTests */,
				615AB16D1F51C3B0005839AF /* NotesUITests */,
				615AB18B1F5F66DD005839AF /* Notes-iOS */,
				615AB19E1F5F66DE005839AF /* Notes-iOSTests */,
				615AB1A91F5F66DE005839AF /* Notes-iOSUITests */,
				61B5A8401F9584A500CB5451 /* Notes-SpotlightIndexer */,
				61B5A8511F965EA300CB5451 /* Notes-TodayScreen */,
			);
		};
/* End PBXProject section */

/* Begin PBXResourcesBuildPhase section */
		615AB14E1F51C3AF005839AF /* Resources */ = {
			isa = PBXResourcesBuildPhase;
			buildActionMask = 2147483647;
			files = (
				615AB15A1F51C3B0005839AF /* Assets.xcassets in Resources */,
				615AB1871F5E2150005839AF /* AddAttachmentViewController.xib in Resources */,
				615AB15D1F51C3B0005839AF /* Main.storyboard in Resources */,
				615AB1831F58D66C005839AF /* AttachmentCell.xib in Resources */,
			);
			runOnlyForDeploymentPostprocessing = 0;
		};
		615AB1611F51C3B0005839AF /* Resources */ = {
			isa = PBXResourcesBuildPhase;
			buildActionMask = 2147483647;
			files = (
			);
			runOnlyForDeploymentPostprocessing = 0;
		};
		615AB16C1F51C3B0005839AF /* Resources */ = {
			isa = PBXResourcesBuildPhase;
			buildActionMask = 2147483647;
			files = (
			);
			runOnlyForDeploymentPostprocessing = 0;
		};
		615AB18A1F5F66DD005839AF /* Resources */ = {
			isa = PBXResourcesBuildPhase;
			buildActionMask = 2147483647;
			files = (
				613ED2211F9C62C700788D54 /* Settings.bundle in Resources */,
				615AB1991F5F66DE005839AF /* LaunchScreen.storyboard in Resources */,
				615AB1961F5F66DD005839AF /* Assets.xcassets in Resources */,
				615AB1941F5F66DD005839AF /* Main.storyboard in Resources */,
			);
			runOnlyForDeploymentPostprocessing = 0;
		};
		615AB19D1F5F66DE005839AF /* Resources */ = {
			isa = PBXResourcesBuildPhase;
			buildActionMask = 2147483647;
			files = (
			);
			runOnlyForDeploymentPostprocessing = 0;
		};
		615AB1A81F5F66DE005839AF /* Resources */ = {
			isa = PBXResourcesBuildPhase;
			buildActionMask = 2147483647;
			files = (
			);
			runOnlyForDeploymentPostprocessing = 0;
		};
		61B5A83F1F9584A500CB5451 /* Resources */ = {
			isa = PBXResourcesBuildPhase;
			buildActionMask = 2147483647;
			files = (
			);
			runOnlyForDeploymentPostprocessing = 0;
		};
		61B5A8501F965EA300CB5451 /* Resources */ = {
			isa = PBXResourcesBuildPhase;
			buildActionMask = 2147483647;
			files = (
				61B5A85B1F965EA400CB5451 /* MainInterface.storyboard in Resources */,
			);
			runOnlyForDeploymentPostprocessing = 0;
		};
/* End PBXResourcesBuildPhase section */

/* Begin PBXSourcesBuildPhase section */
		615AB14C1F51C3AF005839AF /* Sources */ = {
			isa = PBXSourcesBuildPhase;
			buildActionMask = 2147483647;
			files = (
				615AB1821F58D66C005839AF /* AttachmentCell.swift in Sources */,
				615AB1861F5E2150005839AF /* AddAttachmentViewController.swift in Sources */,
				615AB1561F51C3B0005839AF /* ViewController.swift in Sources */,
				615AB1541F51C3B0005839AF /* AppDelegate.swift in Sources */,
				615AB1581F51C3B0005839AF /* Document.swift in Sources */,
				615AB1BF1F60C7F5005839AF /* DocumentCommon.swift in Sources */,
			);
			runOnlyForDeploymentPostprocessing = 0;
		};
		615AB15F1F51C3B0005839AF /* Sources */ = {
			isa = PBXSourcesBuildPhase;
			buildActionMask = 2147483647;
			files = (
				615AB1681F51C3B0005839AF /* NotesTests.swift in Sources */,
			);
			runOnlyForDeploymentPostprocessing = 0;
		};
		615AB16A1F51C3B0005839AF /* Sources */ = {
			isa = PBXSourcesBuildPhase;
			buildActionMask = 2147483647;
			files = (
				615AB1731F51C3B0005839AF /* NotesUITests.swift in Sources */,
			);
			runOnlyForDeploymentPostprocessing = 0;
		};
		615AB1881F5F66DD005839AF /* Sources */ = {
			isa = PBXSourcesBuildPhase;
			buildActionMask = 2147483647;
			files = (
				613ED21F1F98F54500788D54 /* AudioAttachmentViewController.swift in Sources */,
				61B222781F80701800AF8477 /* DocumentViewController.swift in Sources */,
				615AB1911F5F66DD005839AF /* DocumentListViewController.swift in Sources */,
				613ED21D1F97A37400788D54 /* LocationAttachmentViewController.swift in Sources */,
				615AB18F1F5F66DD005839AF /* AppDelegate.swift in Sources */,
				61B5A83C1F93776200CB5451 /* ImageAttachmentViewController.swift in Sources */,
				615AB1BB1F60C436005839AF /* Document.swift in Sources */,
				615AB1C01F60C7F5005839AF /* DocumentCommon.swift in Sources */,
			);
			runOnlyForDeploymentPostprocessing = 0;
		};
		615AB19B1F5F66DE005839AF /* Sources */ = {
			isa = PBXSourcesBuildPhase;
			buildActionMask = 2147483647;
			files = (
				615AB1A41F5F66DE005839AF /* Notes_iOSTests.swift in Sources */,
			);
			runOnlyForDeploymentPostprocessing = 0;
		};
		615AB1A61F5F66DE005839AF /* Sources */ = {
			isa = PBXSourcesBuildPhase;
			buildActionMask = 2147483647;
			files = (
				615AB1AF1F5F66DE005839AF /* Notes_iOSUITests.swift in Sources */,
			);
			runOnlyForDeploymentPostprocessing = 0;
		};
		61B5A83D1F9584A500CB5451 /* Sources */ = {
			isa = PBXSourcesBuildPhase;
			buildActionMask = 2147483647;
			files = (
				61B5A8441F9584A500CB5451 /* IndexRequestHandler.swift in Sources */,
				61B5A84D1F95863500CB5451 /* DocumentCommon.swift in Sources */,
			);
			runOnlyForDeploymentPostprocessing = 0;
		};
		61B5A84E1F965EA300CB5451 /* Sources */ = {
			isa = PBXSourcesBuildPhase;
			buildActionMask = 2147483647;
			files = (
				61B5A8581F965EA400CB5451 /* TodayViewController.swift in Sources */,
			);
			runOnlyForDeploymentPostprocessing = 0;
		};
/* End PBXSourcesBuildPhase section */

/* Begin PBXTargetDependency section */
		615AB1651F51C3B0005839AF /* PBXTargetDependency */ = {
			isa = PBXTargetDependency;
			target = 615AB14F1F51C3AF005839AF /* Notes */;
			targetProxy = 615AB1641F51C3B0005839AF /* PBXContainerItemProxy */;
		};
		615AB1701F51C3B0005839AF /* PBXTargetDependency */ = {
			isa = PBXTargetDependency;
			target = 615AB14F1F51C3AF005839AF /* Notes */;
			targetProxy = 615AB16F1F51C3B0005839AF /* PBXContainerItemProxy */;
		};
		615AB1A11F5F66DE005839AF /* PBXTargetDependency */ = {
			isa = PBXTargetDependency;
			target = 615AB18B1F5F66DD005839AF /* Notes-iOS */;
			targetProxy = 615AB1A01F5F66DE005839AF /* PBXContainerItemProxy */;
		};
		615AB1AC1F5F66DE005839AF /* PBXTargetDependency */ = {
			isa = PBXTargetDependency;
			target = 615AB18B1F5F66DD005839AF /* Notes-iOS */;
			targetProxy = 615AB1AB1F5F66DE005839AF /* PBXContainerItemProxy */;
		};
		61B5A8471F9584A500CB5451 /* PBXTargetDependency */ = {
			isa = PBXTargetDependency;
			target = 61B5A8401F9584A500CB5451 /* Notes-SpotlightIndexer */;
			targetProxy = 61B5A8461F9584A500CB5451 /* PBXContainerItemProxy */;
		};
		61B5A85E1F965EA400CB5451 /* PBXTargetDependency */ = {
			isa = PBXTargetDependency;
			target = 61B5A8511F965EA300CB5451 /* Notes-TodayScreen */;
			targetProxy = 61B5A85D1F965EA400CB5451 /* PBXContainerItemProxy */;
		};
/* End PBXTargetDependency section */

/* Begin PBXVariantGroup section */
		615AB15B1F51C3B0005839AF /* Main.storyboard */ = {
			isa = PBXVariantGroup;
			children = (
				615AB15C1F51C3B0005839AF /* Base */,
			);
			name = Main.storyboard;
			sourceTree = "<group>";
		};
		615AB1921F5F66DD005839AF /* Main.storyboard */ = {
			isa = PBXVariantGroup;
			children = (
				615AB1931F5F66DD005839AF /* Base */,
			);
			name = Main.storyboard;
			sourceTree = "<group>";
		};
		615AB1971F5F66DD005839AF /* LaunchScreen.storyboard */ = {
			isa = PBXVariantGroup;
			children = (
				615AB1981F5F66DD005839AF /* Base */,
			);
			name = LaunchScreen.storyboard;
			sourceTree = "<group>";
		};
		61B5A8591F965EA400CB5451 /* MainInterface.storyboard */ = {
			isa = PBXVariantGroup;
			children = (
				61B5A85A1F965EA400CB5451 /* Base */,
			);
			name = MainInterface.storyboard;
			sourceTree = "<group>";
		};
/* End PBXVariantGroup section */

/* Begin XCBuildConfiguration section */
		615AB1751F51C3B0005839AF /* Debug */ = {
			isa = XCBuildConfiguration;
			buildSettings = {
				ALWAYS_SEARCH_USER_PATHS = NO;
				CLANG_ANALYZER_NONNULL = YES;
				CLANG_ANALYZER_NUMBER_OBJECT_CONVERSION = YES_AGGRESSIVE;
				CLANG_CXX_LANGUAGE_STANDARD = "gnu++0x";
				CLANG_CXX_LIBRARY = "libc++";
				CLANG_ENABLE_MODULES = YES;
				CLANG_ENABLE_OBJC_ARC = YES;
				CLANG_WARN_BOOL_CONVERSION = YES;
				CLANG_WARN_CONSTANT_CONVERSION = YES;
				CLANG_WARN_DIRECT_OBJC_ISA_USAGE = YES_ERROR;
				CLANG_WARN_DOCUMENTATION_COMMENTS = YES;
				CLANG_WARN_EMPTY_BODY = YES;
				CLANG_WARN_ENUM_CONVERSION = YES;
				CLANG_WARN_INFINITE_RECURSION = YES;
				CLANG_WARN_INT_CONVERSION = YES;
				CLANG_WARN_OBJC_ROOT_CLASS = YES_ERROR;
				CLANG_WARN_SUSPICIOUS_MOVE = YES;
				CLANG_WARN_UNREACHABLE_CODE = YES;
				CLANG_WARN__DUPLICATE_METHOD_MATCH = YES;
				CODE_SIGN_IDENTITY = "-";
				COPY_PHASE_STRIP = NO;
				DEBUG_INFORMATION_FORMAT = dwarf;
				ENABLE_STRICT_OBJC_MSGSEND = YES;
				ENABLE_TESTABILITY = YES;
				GCC_C_LANGUAGE_STANDARD = gnu99;
				GCC_DYNAMIC_NO_PIC = NO;
				GCC_NO_COMMON_BLOCKS = YES;
				GCC_OPTIMIZATION_LEVEL = 0;
				GCC_PREPROCESSOR_DEFINITIONS = (
					"DEBUG=1",
					"$(inherited)",
				);
				GCC_WARN_64_TO_32_BIT_CONVERSION = YES;
				GCC_WARN_ABOUT_RETURN_TYPE = YES_ERROR;
				GCC_WARN_UNDECLARED_SELECTOR = YES;
				GCC_WARN_UNINITIALIZED_AUTOS = YES_AGGRESSIVE;
				GCC_WARN_UNUSED_FUNCTION = YES;
				GCC_WARN_UNUSED_VARIABLE = YES;
				MACOSX_DEPLOYMENT_TARGET = 10.12;
				MTL_ENABLE_DEBUG_INFO = YES;
				ONLY_ACTIVE_ARCH = YES;
				SDKROOT = macosx;
				SWIFT_ACTIVE_COMPILATION_CONDITIONS = DEBUG;
				SWIFT_OPTIMIZATION_LEVEL = "-Onone";
			};
			name = Debug;
		};
		615AB1761F51C3B0005839AF /* Release */ = {
			isa = XCBuildConfiguration;
			buildSettings = {
				ALWAYS_SEARCH_USER_PATHS = NO;
				CLANG_ANALYZER_NONNULL = YES;
				CLANG_ANALYZER_NUMBER_OBJECT_CONVERSION = YES_AGGRESSIVE;
				CLANG_CXX_LANGUAGE_STANDARD = "gnu++0x";
				CLANG_CXX_LIBRARY = "libc++";
				CLANG_ENABLE_MODULES = YES;
				CLANG_ENABLE_OBJC_ARC = YES;
				CLANG_WARN_BOOL_CONVERSION = YES;
				CLANG_WARN_CONSTANT_CONVERSION = YES;
				CLANG_WARN_DIRECT_OBJC_ISA_USAGE = YES_ERROR;
				CLANG_WARN_DOCUMENTATION_COMMENTS = YES;
				CLANG_WARN_EMPTY_BODY = YES;
				CLANG_WARN_ENUM_CONVERSION = YES;
				CLANG_WARN_INFINITE_RECURSION = YES;
				CLANG_WARN_INT_CONVERSION = YES;
				CLANG_WARN_OBJC_ROOT_CLASS = YES_ERROR;
				CLANG_WARN_SUSPICIOUS_MOVE = YES;
				CLANG_WARN_UNREACHABLE_CODE = YES;
				CLANG_WARN__DUPLICATE_METHOD_MATCH = YES;
				CODE_SIGN_IDENTITY = "-";
				COPY_PHASE_STRIP = NO;
				DEBUG_INFORMATION_FORMAT = "dwarf-with-dsym";
				ENABLE_NS_ASSERTIONS = NO;
				ENABLE_STRICT_OBJC_MSGSEND = YES;
				GCC_C_LANGUAGE_STANDARD = gnu99;
				GCC_NO_COMMON_BLOCKS = YES;
				GCC_WARN_64_TO_32_BIT_CONVERSION = YES;
				GCC_WARN_ABOUT_RETURN_TYPE = YES_ERROR;
				GCC_WARN_UNDECLARED_SELECTOR = YES;
				GCC_WARN_UNINITIALIZED_AUTOS = YES_AGGRESSIVE;
				GCC_WARN_UNUSED_FUNCTION = YES;
				GCC_WARN_UNUSED_VARIABLE = YES;
				MACOSX_DEPLOYMENT_TARGET = 10.12;
				MTL_ENABLE_DEBUG_INFO = NO;
				SDKROOT = macosx;
				SWIFT_OPTIMIZATION_LEVEL = "-Owholemodule";
			};
			name = Release;
		};
		615AB1781F51C3B0005839AF /* Debug */ = {
			isa = XCBuildConfiguration;
			buildSettings = {
				ASSETCATALOG_COMPILER_APPICON_NAME = AppIcon;
				COMBINE_HIDPI_IMAGES = YES;
				DEVELOPMENT_TEAM = L5L79AJA7E;
				INFOPLIST_FILE = Notes/Info.plist;
				LD_RUNPATH_SEARCH_PATHS = "$(inherited) @executable_path/../Frameworks";
				PRODUCT_BUNDLE_IDENTIFIER = com.myCompany.Notes;
				PRODUCT_NAME = "$(TARGET_NAME)";
				SWIFT_VERSION = 3.0;
			};
			name = Debug;
		};
		615AB1791F51C3B0005839AF /* Release */ = {
			isa = XCBuildConfiguration;
			buildSettings = {
				ASSETCATALOG_COMPILER_APPICON_NAME = AppIcon;
				COMBINE_HIDPI_IMAGES = YES;
				DEVELOPMENT_TEAM = L5L79AJA7E;
				INFOPLIST_FILE = Notes/Info.plist;
				LD_RUNPATH_SEARCH_PATHS = "$(inherited) @executable_path/../Frameworks";
				PRODUCT_BUNDLE_IDENTIFIER = com.myCompany.Notes;
				PRODUCT_NAME = "$(TARGET_NAME)";
				SWIFT_VERSION = 3.0;
			};
			name = Release;
		};
		615AB17B1F51C3B0005839AF /* Debug */ = {
			isa = XCBuildConfiguration;
			buildSettings = {
				ALWAYS_EMBED_SWIFT_STANDARD_LIBRARIES = YES;
				BUNDLE_LOADER = "$(TEST_HOST)";
				COMBINE_HIDPI_IMAGES = YES;
				DEVELOPMENT_TEAM = L5L79AJA7E;
				INFOPLIST_FILE = NotesTests/Info.plist;
				LD_RUNPATH_SEARCH_PATHS = "$(inherited) @executable_path/../Frameworks @loader_path/../Frameworks";
				PRODUCT_BUNDLE_IDENTIFIER = com.myCompany.NotesTests;
				PRODUCT_NAME = "$(TARGET_NAME)";
				SWIFT_VERSION = 3.0;
				TEST_HOST = "$(BUILT_PRODUCTS_DIR)/Notes.app/Contents/MacOS/Notes";
			};
			name = Debug;
		};
		615AB17C1F51C3B0005839AF /* Release */ = {
			isa = XCBuildConfiguration;
			buildSettings = {
				ALWAYS_EMBED_SWIFT_STANDARD_LIBRARIES = YES;
				BUNDLE_LOADER = "$(TEST_HOST)";
				COMBINE_HIDPI_IMAGES = YES;
				DEVELOPMENT_TEAM = L5L79AJA7E;
				INFOPLIST_FILE = NotesTests/Info.plist;
				LD_RUNPATH_SEARCH_PATHS = "$(inherited) @executable_path/../Frameworks @loader_path/../Frameworks";
				PRODUCT_BUNDLE_IDENTIFIER = com.myCompany.NotesTests;
				PRODUCT_NAME = "$(TARGET_NAME)";
				SWIFT_VERSION = 3.0;
				TEST_HOST = "$(BUILT_PRODUCTS_DIR)/Notes.app/Contents/MacOS/Notes";
			};
			name = Release;
		};
		615AB17E1F51C3B0005839AF /* Debug */ = {
			isa = XCBuildConfiguration;
			buildSettings = {
				ALWAYS_EMBED_SWIFT_STANDARD_LIBRARIES = YES;
				COMBINE_HIDPI_IMAGES = YES;
				DEVELOPMENT_TEAM = L5L79AJA7E;
				INFOPLIST_FILE = NotesUITests/Info.plist;
				LD_RUNPATH_SEARCH_PATHS = "$(inherited) @executable_path/../Frameworks @loader_path/../Frameworks";
				PRODUCT_BUNDLE_IDENTIFIER = com.myCompany.NotesUITests;
				PRODUCT_NAME = "$(TARGET_NAME)";
				SWIFT_VERSION = 3.0;
				TEST_TARGET_NAME = Notes;
			};
			name = Debug;
		};
		615AB17F1F51C3B0005839AF /* Release */ = {
			isa = XCBuildConfiguration;
			buildSettings = {
				ALWAYS_EMBED_SWIFT_STANDARD_LIBRARIES = YES;
				COMBINE_HIDPI_IMAGES = YES;
				DEVELOPMENT_TEAM = L5L79AJA7E;
				INFOPLIST_FILE = NotesUITests/Info.plist;
				LD_RUNPATH_SEARCH_PATHS = "$(inherited) @executable_path/../Frameworks @loader_path/../Frameworks";
				PRODUCT_BUNDLE_IDENTIFIER = com.myCompany.NotesUITests;
				PRODUCT_NAME = "$(TARGET_NAME)";
				SWIFT_VERSION = 3.0;
				TEST_TARGET_NAME = Notes;
			};
			name = Release;
		};
		615AB1B11F5F66DE005839AF /* Debug */ = {
			isa = XCBuildConfiguration;
			buildSettings = {
				ALWAYS_EMBED_SWIFT_STANDARD_LIBRARIES = YES;
				ASSETCATALOG_COMPILER_APPICON_NAME = AppIcon;
				CODE_SIGN_ENTITLEMENTS = "Notes-iOS/Notes-iOS.entitlements";
				"CODE_SIGN_IDENTITY[sdk=iphoneos*]" = "iPhone Developer";
				CODE_SIGN_STYLE = Automatic;
				DEVELOPMENT_TEAM = L5L79AJA7E;
				INFOPLIST_FILE = "Notes-iOS/Info.plist";
				IPHONEOS_DEPLOYMENT_TARGET = 11.0;
				LD_RUNPATH_SEARCH_PATHS = "$(inherited) @executable_path/Frameworks";
				PRODUCT_BUNDLE_IDENTIFIER = "com.myCompany342423.Notes-iOS";
				PRODUCT_NAME = "$(TARGET_NAME)";
				PROVISIONING_PROFILE_SPECIFIER = "";
				SDKROOT = iphoneos;
				SWIFT_VERSION = 3.0;
				TARGETED_DEVICE_FAMILY = "1,2";
			};
			name = Debug;
		};
		615AB1B21F5F66DE005839AF /* Release */ = {
			isa = XCBuildConfiguration;
			buildSettings = {
				ALWAYS_EMBED_SWIFT_STANDARD_LIBRARIES = YES;
				ASSETCATALOG_COMPILER_APPICON_NAME = AppIcon;
				CODE_SIGN_ENTITLEMENTS = "Notes-iOS/Notes-iOS.entitlements";
				"CODE_SIGN_IDENTITY[sdk=iphoneos*]" = "iPhone Developer";
				CODE_SIGN_STYLE = Automatic;
				DEVELOPMENT_TEAM = L5L79AJA7E;
				INFOPLIST_FILE = "Notes-iOS/Info.plist";
				IPHONEOS_DEPLOYMENT_TARGET = 11.0;
				LD_RUNPATH_SEARCH_PATHS = "$(inherited) @executable_path/Frameworks";
				PRODUCT_BUNDLE_IDENTIFIER = "com.myCompany342423.Notes-iOS";
				PRODUCT_NAME = "$(TARGET_NAME)";
				PROVISIONING_PROFILE_SPECIFIER = "";
				SDKROOT = iphoneos;
				SWIFT_VERSION = 3.0;
				TARGETED_DEVICE_FAMILY = "1,2";
				VALIDATE_PRODUCT = YES;
			};
			name = Release;
		};
		615AB1B31F5F66DE005839AF /* Debug */ = {
			isa = XCBuildConfiguration;
			buildSettings = {
				ALWAYS_EMBED_SWIFT_STANDARD_LIBRARIES = YES;
				BUNDLE_LOADER = "$(TEST_HOST)";
				"CODE_SIGN_IDENTITY[sdk=iphoneos*]" = "iPhone Developer";
				DEVELOPMENT_TEAM = L5L79AJA7E;
				INFOPLIST_FILE = "Notes-iOSTests/Info.plist";
				IPHONEOS_DEPLOYMENT_TARGET = 10.3;
				LD_RUNPATH_SEARCH_PATHS = "$(inherited) @executable_path/Frameworks @loader_path/Frameworks";
				PRODUCT_BUNDLE_IDENTIFIER = "com.myCompany.Notes-iOSTests";
				PRODUCT_NAME = "$(TARGET_NAME)";
				SDKROOT = iphoneos;
				SWIFT_VERSION = 3.0;
				TEST_HOST = "$(BUILT_PRODUCTS_DIR)/Notes-iOS.app/Notes-iOS";
			};
			name = Debug;
		};
		615AB1B41F5F66DE005839AF /* Release */ = {
			isa = XCBuildConfiguration;
			buildSettings = {
				ALWAYS_EMBED_SWIFT_STANDARD_LIBRARIES = YES;
				BUNDLE_LOADER = "$(TEST_HOST)";
				"CODE_SIGN_IDENTITY[sdk=iphoneos*]" = "iPhone Developer";
				DEVELOPMENT_TEAM = L5L79AJA7E;
				INFOPLIST_FILE = "Notes-iOSTests/Info.plist";
				IPHONEOS_DEPLOYMENT_TARGET = 10.3;
				LD_RUNPATH_SEARCH_PATHS = "$(inherited) @executable_path/Frameworks @loader_path/Frameworks";
				PRODUCT_BUNDLE_IDENTIFIER = "com.myCompany.Notes-iOSTests";
				PRODUCT_NAME = "$(TARGET_NAME)";
				SDKROOT = iphoneos;
				SWIFT_VERSION = 3.0;
				TEST_HOST = "$(BUILT_PRODUCTS_DIR)/Notes-iOS.app/Notes-iOS";
				VALIDATE_PRODUCT = YES;
			};
			name = Release;
		};
		615AB1B51F5F66DE005839AF /* Debug */ = {
			isa = XCBuildConfiguration;
			buildSettings = {
				ALWAYS_EMBED_SWIFT_STANDARD_LIBRARIES = YES;
				"CODE_SIGN_IDENTITY[sdk=iphoneos*]" = "iPhone Developer";
				DEVELOPMENT_TEAM = L5L79AJA7E;
				INFOPLIST_FILE = "Notes-iOSUITests/Info.plist";
				IPHONEOS_DEPLOYMENT_TARGET = 10.3;
				LD_RUNPATH_SEARCH_PATHS = "$(inherited) @executable_path/Frameworks @loader_path/Frameworks";
				PRODUCT_BUNDLE_IDENTIFIER = "com.myCompany.Notes-iOSUITests";
				PRODUCT_NAME = "$(TARGET_NAME)";
				SDKROOT = iphoneos;
				SWIFT_VERSION = 3.0;
				TEST_TARGET_NAME = "Notes-iOS";
			};
			name = Debug;
		};
		615AB1B61F5F66DE005839AF /* Release */ = {
			isa = XCBuildConfiguration;
			buildSettings = {
				ALWAYS_EMBED_SWIFT_STANDARD_LIBRARIES = YES;
				"CODE_SIGN_IDENTITY[sdk=iphoneos*]" = "iPhone Developer";
				DEVELOPMENT_TEAM = L5L79AJA7E;
				INFOPLIST_FILE = "Notes-iOSUITests/Info.plist";
				IPHONEOS_DEPLOYMENT_TARGET = 10.3;
				LD_RUNPATH_SEARCH_PATHS = "$(inherited) @executable_path/Frameworks @loader_path/Frameworks";
				PRODUCT_BUNDLE_IDENTIFIER = "com.myCompany.Notes-iOSUITests";
				PRODUCT_NAME = "$(TARGET_NAME)";
				SDKROOT = iphoneos;
				SWIFT_VERSION = 3.0;
				TEST_TARGET_NAME = "Notes-iOS";
				VALIDATE_PRODUCT = YES;
			};
			name = Release;
		};
		61B5A84A1F9584A500CB5451 /* Debug */ = {
			isa = XCBuildConfiguration;
			buildSettings = {
				CLANG_CXX_LANGUAGE_STANDARD = "gnu++14";
				CLANG_WARN_BLOCK_CAPTURE_AUTORELEASING = YES;
				CLANG_WARN_COMMA = YES;
				CLANG_WARN_NON_LITERAL_NULL_CONVERSION = YES;
				CLANG_WARN_OBJC_LITERAL_CONVERSION = YES;
				CLANG_WARN_RANGE_LOOP_ANALYSIS = YES;
				CLANG_WARN_STRICT_PROTOTYPES = YES;
				CLANG_WARN_UNGUARDED_AVAILABILITY = YES_AGGRESSIVE;
				CODE_SIGN_IDENTITY = "-";
				"CODE_SIGN_IDENTITY[sdk=iphoneos*]" = "iPhone Developer";
				CODE_SIGN_STYLE = Automatic;
				DEVELOPMENT_TEAM = L5L79AJA7E;
				GCC_C_LANGUAGE_STANDARD = gnu11;
				INFOPLIST_FILE = "Notes-SpotlightIndexer/Info.plist";
				IPHONEOS_DEPLOYMENT_TARGET = 11.0;
				LD_RUNPATH_SEARCH_PATHS = "$(inherited) @executable_path/Frameworks @executable_path/../../Frameworks";
				PRODUCT_BUNDLE_IDENTIFIER = "com.myCompany342423.Notes-iOS.Notes-SpotlightIndexer";
				PRODUCT_NAME = "$(TARGET_NAME)";
				PROVISIONING_PROFILE_SPECIFIER = "";
				SDKROOT = iphoneos;
				SKIP_INSTALL = YES;
				SWIFT_VERSION = 4.0;
				TARGETED_DEVICE_FAMILY = "1,2";
			};
			name = Debug;
		};
		61B5A84B1F9584A500CB5451 /* Release */ = {
			isa = XCBuildConfiguration;
			buildSettings = {
				CLANG_CXX_LANGUAGE_STANDARD = "gnu++14";
				CLANG_WARN_BLOCK_CAPTURE_AUTORELEASING = YES;
				CLANG_WARN_COMMA = YES;
				CLANG_WARN_NON_LITERAL_NULL_CONVERSION = YES;
				CLANG_WARN_OBJC_LITERAL_CONVERSION = YES;
				CLANG_WARN_RANGE_LOOP_ANALYSIS = YES;
				CLANG_WARN_STRICT_PROTOTYPES = YES;
				CLANG_WARN_UNGUARDED_AVAILABILITY = YES_AGGRESSIVE;
				CODE_SIGN_IDENTITY = "-";
				"CODE_SIGN_IDENTITY[sdk=iphoneos*]" = "iPhone Developer";
				CODE_SIGN_STYLE = Automatic;
				DEVELOPMENT_TEAM = L5L79AJA7E;
				GCC_C_LANGUAGE_STANDARD = gnu11;
				INFOPLIST_FILE = "Notes-SpotlightIndexer/Info.plist";
				IPHONEOS_DEPLOYMENT_TARGET = 11.0;
				LD_RUNPATH_SEARCH_PATHS = "$(inherited) @executable_path/Frameworks @executable_path/../../Frameworks";
				PRODUCT_BUNDLE_IDENTIFIER = "com.myCompany342423.Notes-iOS.Notes-SpotlightIndexer";
				PRODUCT_NAME = "$(TARGET_NAME)";
				PROVISIONING_PROFILE_SPECIFIER = "";
				SDKROOT = iphoneos;
				SKIP_INSTALL = YES;
				SWIFT_VERSION = 4.0;
				TARGETED_DEVICE_FAMILY = "1,2";
				VALIDATE_PRODUCT = YES;
			};
			name = Release;
		};
		61B5A8611F965EA400CB5451 /* Debug */ = {
			isa = XCBuildConfiguration;
			buildSettings = {
				CLANG_CXX_LANGUAGE_STANDARD = "gnu++14";
				CLANG_WARN_BLOCK_CAPTURE_AUTORELEASING = YES;
				CLANG_WARN_COMMA = YES;
				CLANG_WARN_NON_LITERAL_NULL_CONVERSION = YES;
				CLANG_WARN_OBJC_LITERAL_CONVERSION = YES;
				CLANG_WARN_RANGE_LOOP_ANALYSIS = YES;
				CLANG_WARN_STRICT_PROTOTYPES = YES;
				CLANG_WARN_UNGUARDED_AVAILABILITY = YES_AGGRESSIVE;
				CODE_SIGN_ENTITLEMENTS = "Notes-TodayScreen/Notes-TodayScreen.entitlements";
				CODE_SIGN_IDENTITY = "-";
				"CODE_SIGN_IDENTITY[sdk=iphoneos*]" = "iPhone Developer";
				CODE_SIGN_STYLE = Automatic;
				DEVELOPMENT_TEAM = L5L79AJA7E;
				GCC_C_LANGUAGE_STANDARD = gnu11;
				INFOPLIST_FILE = "Notes-TodayScreen/Info.plist";
				IPHONEOS_DEPLOYMENT_TARGET = 11.0;
				LD_RUNPATH_SEARCH_PATHS = "$(inherited) @executable_path/Frameworks @executable_path/../../Frameworks";
				PRODUCT_BUNDLE_IDENTIFIER = "com.myCompany342423.Notes-iOS.Notes-TodayScreen";
				PRODUCT_NAME = "$(TARGET_NAME)";
				PROVISIONING_PROFILE_SPECIFIER = "";
				SDKROOT = iphoneos;
				SKIP_INSTALL = YES;
				SWIFT_VERSION = 4.0;
				TARGETED_DEVICE_FAMILY = "1,2";
			};
			name = Debug;
		};
		61B5A8621F965EA400CB5451 /* Release */ = {
			isa = XCBuildConfiguration;
			buildSettings = {
				CLANG_CXX_LANGUAGE_STANDARD = "gnu++14";
				CLANG_WARN_BLOCK_CAPTURE_AUTORELEASING = YES;
				CLANG_WARN_COMMA = YES;
				CLANG_WARN_NON_LITERAL_NULL_CONVERSION = YES;
				CLANG_WARN_OBJC_LITERAL_CONVERSION = YES;
				CLANG_WARN_RANGE_LOOP_ANALYSIS = YES;
				CLANG_WARN_STRICT_PROTOTYPES = YES;
				CLANG_WARN_UNGUARDED_AVAILABILITY = YES_AGGRESSIVE;
				CODE_SIGN_ENTITLEMENTS = "Notes-TodayScreen/Notes-TodayScreen.entitlements";
				CODE_SIGN_IDENTITY = "-";
				"CODE_SIGN_IDENTITY[sdk=iphoneos*]" = "iPhone Developer";
				CODE_SIGN_STYLE = Automatic;
				DEVELOPMENT_TEAM = L5L79AJA7E;
				GCC_C_LANGUAGE_STANDARD = gnu11;
				INFOPLIST_FILE = "Notes-TodayScreen/Info.plist";
				IPHONEOS_DEPLOYMENT_TARGET = 11.0;
				LD_RUNPATH_SEARCH_PATHS = "$(inherited) @executable_path/Frameworks @executable_path/../../Frameworks";
				PRODUCT_BUNDLE_IDENTIFIER = "com.myCompany342423.Notes-iOS.Notes-TodayScreen";
				PRODUCT_NAME = "$(TARGET_NAME)";
				PROVISIONING_PROFILE_SPECIFIER = "";
				SDKROOT = iphoneos;
				SKIP_INSTALL = YES;
				SWIFT_VERSION = 4.0;
				TARGETED_DEVICE_FAMILY = "1,2";
				VALIDATE_PRODUCT = YES;
			};
			name = Release;
		};
/* End XCBuildConfiguration section */

/* Begin XCConfigurationList section */
		615AB14B1F51C3AF005839AF /* Build configuration list for PBXProject "Notes" */ = {
			isa = XCConfigurationList;
			buildConfigurations = (
				615AB1751F51C3B0005839AF /* Debug */,
				615AB1761F51C3B0005839AF /* Release */,
			);
			defaultConfigurationIsVisible = 0;
			defaultConfigurationName = Release;
		};
		615AB1771F51C3B0005839AF /* Build configuration list for PBXNativeTarget "Notes" */ = {
			isa = XCConfigurationList;
			buildConfigurations = (
				615AB1781F51C3B0005839AF /* Debug */,
				615AB1791F51C3B0005839AF /* Release */,
			);
			defaultConfigurationIsVisible = 0;
			defaultConfigurationName = Release;
		};
		615AB17A1F51C3B0005839AF /* Build configuration list for PBXNativeTarget "NotesTests" */ = {
			isa = XCConfigurationList;
			buildConfigurations = (
				615AB17B1F51C3B0005839AF /* Debug */,
				615AB17C1F51C3B0005839AF /* Release */,
			);
			defaultConfigurationIsVisible = 0;
			defaultConfigurationName = Release;
		};
		615AB17D1F51C3B0005839AF /* Build configuration list for PBXNativeTarget "NotesUITests" */ = {
			isa = XCConfigurationList;
			buildConfigurations = (
				615AB17E1F51C3B0005839AF /* Debug */,
				615AB17F1F51C3B0005839AF /* Release */,
			);
			defaultConfigurationIsVisible = 0;
			defaultConfigurationName = Release;
		};
		615AB1B71F5F66DE005839AF /* Build configuration list for PBXNativeTarget "Notes-iOS" */ = {
			isa = XCConfigurationList;
			buildConfigurations = (
				615AB1B11F5F66DE005839AF /* Debug */,
				615AB1B21F5F66DE005839AF /* Release */,
			);
			defaultConfigurationIsVisible = 0;
			defaultConfigurationName = Release;
		};
		615AB1B81F5F66DE005839AF /* Build configuration list for PBXNativeTarget "Notes-iOSTests" */ = {
			isa = XCConfigurationList;
			buildConfigurations = (
				615AB1B31F5F66DE005839AF /* Debug */,
				615AB1B41F5F66DE005839AF /* Release */,
			);
			defaultConfigurationIsVisible = 0;
			defaultConfigurationName = Release;
		};
		615AB1B91F5F66DE005839AF /* Build configuration list for PBXNativeTarget "Notes-iOSUITests" */ = {
			isa = XCConfigurationList;
			buildConfigurations = (
				615AB1B51F5F66DE005839AF /* Debug */,
				615AB1B61F5F66DE005839AF /* Release */,
			);
			defaultConfigurationIsVisible = 0;
			defaultConfigurationName = Release;
		};
		61B5A8491F9584A500CB5451 /* Build configuration list for PBXNativeTarget "Notes-SpotlightIndexer" */ = {
			isa = XCConfigurationList;
			buildConfigurations = (
				61B5A84A1F9584A500CB5451 /* Debug */,
				61B5A84B1F9584A500CB5451 /* Release */,
			);
			defaultConfigurationIsVisible = 0;
			defaultConfigurationName = Release;
		};
		61B5A8601F965EA400CB5451 /* Build configuration list for PBXNativeTarget "Notes-TodayScreen" */ = {
			isa = XCConfigurationList;
			buildConfigurations = (
				61B5A8611F965EA400CB5451 /* Debug */,
				61B5A8621F965EA400CB5451 /* Release */,
			);
			defaultConfigurationIsVisible = 0;
			defaultConfigurationName = Release;
		};
/* End XCConfigurationList section */
	};
	rootObject = 615AB1481F51C3AF005839AF /* Project object */;
}
